<?xml version="1.0" encoding="UTF-8" standalone="yes" ?>
<CodeBlocks_project_file>
	<FileVersion major="1" minor="6" />
	<Project>
		<Option title="Teste" />
		<Option pch_mode="2" />
		<Option compiler="gcc" />
		<Build>
			<Target title="Debug">
				<Option output="bin/Debug/Teste" prefix_auto="1" extension_auto="1" />
				<Option working_dir="C:/Program Files (x86)/CodeBlocks/MinGW/bin" />
				<Option object_output="obj/Debug/" />
				<Option type="1" />
				<Option compiler="gcc" />
				<Compiler>
					<Add option="-g" />
					<Add directory="include" />
				</Compiler>
				<Linker>
					<Add option="-lSOIL" />
					<Add library="../../../../../../../../Windows/System32/freeglut.dll" />
					<Add library="../../../../../../../../Windows/System32/winmm.dll" />
					<Add library="../../../../../../../../Windows/System32/gdi32.dll" />
					<Add library="../../../../../../../../Program Files (x86)/CodeBlocks/MinGW/lib/glew32.lib" />
					<Add library="../../../../../../../../Program Files (x86)/CodeBlocks/MinGW/lib/glew32s.lib" />
					<Add library="../../../../../../../../Program Files (x86)/CodeBlocks/MinGW/lib/libfreeglut.a" />
					<Add library="../../../../../../../../Program Files (x86)/CodeBlocks/MinGW/lib/libfreeglut_static.a" />
					<Add library="../../../../../../../../Program Files (x86)/CodeBlocks/MinGW/lib/libSOIL.a" />
					<Add library="bin/Debug/libirrKlang.a" />
					<Add library="bin/Debug/irrKlang.dll" />
					<Add library="bin/Debug/ikpMP3.dll" />
					<Add library="bin/Debug/ikpFlac.dll" />
				</Linker>
			</Target>
			<Target title="Release">
				<Option output="bin/Release/Teste" prefix_auto="1" extension_auto="1" />
				<Option working_dir="C:/Program Files (x86)/CodeBlocks/MinGW/bin" />
				<Option object_output="obj/Release/" />
				<Option type="0" />
				<Option compiler="gcc" />
				<Compiler>
					<Add option="-O2" />
					<Add directory="include" />
				</Compiler>
				<Linker>
					<Add option="-s" />
				</Linker>
			</Target>
		</Build>
		<Compiler>
			<Add option="-Wall" />
			<Add directory="C:/Program Files (x86)/CodeBlocks/MinGW/include" />
		</Compiler>
		<Linker>
			<Add library="freeglut" />
			<Add library="opengl32" />
			<Add library="glu32" />
			<Add library="winmm" />
			<Add library="gdi32" />
			<Add library="bin/Debug/irrKlang.dll" />
			<Add directory="C:/Program Files (x86)/CodeBlocks/MinGW/lib" />
		</Linker>
		<Unit filename="include/Bloco.h" />
		<Unit filename="include/MovimentoPadrao.h" />
		<Unit filename="main.cpp" />
		<Unit filename="src/Bloco.cpp" />
		<Unit filename="src/MovimentoPadrao.cpp" />
		<Extensions />
	</Project>
</CodeBlocks_project_file>
